Microsoft Visual Studio Solution File, Format Version 12.00
# Visual Studio 2012
Project("{FAE04EC0-301F-11D3-BF4B-00C04F79EFBC}") = "Sunaba.Studio", "Sunaba.Studio.csproj", "{3BE5A4A7-BAA6-40FC-B5B6-F5224AF2A089}"
EndProject
Global
	GlobalSection(SolutionConfigurationPlatforms) = preSolution
	Debug|Any CPU = Debug|Any CPU
	ExportDebug|Any CPU = ExportDebug|Any CPU
	ExportRelease|Any CPU = ExportRelease|Any CPU
	EndGlobalSection
	GlobalSection(ProjectConfigurationPlatforms) = postSolution
		{3BE5A4A7-BAA6-40FC-B5B6-F5224AF2A089}.Debug|Any CPU.ActiveCfg = Debug|Any CPU
		{3BE5A4A7-BAA6-40FC-B5B6-F5224AF2A089}.Debug|Any CPU.Build.0 = Debug|Any CPU
		{3BE5A4A7-BAA6-40FC-B5B6-F5224AF2A089}.ExportDebug|Any CPU.ActiveCfg = ExportDebug|Any CPU
		{3BE5A4A7-BAA6-40FC-B5B6-F5224AF2A089}.ExportDebug|Any CPU.Build.0 = ExportDebug|Any CPU
		{3BE5A4A7-BAA6-40FC-B5B6-F5224AF2A089}.ExportRelease|Any CPU.ActiveCfg = ExportRelease|Any CPU
		{3BE5A4A7-BAA6-40FC-B5B6-F5224AF2A089}.ExportRelease|Any CPU.Build.0 = ExportRelease|Any CPU
	EndGlobalSection
EndGlobal
